
Microsoft Visual Studio Solution File, Format Version 12.00
# Visual Studio Version 17
VisualStudioVersion = 17.3.32825.248
MinimumVisualStudioVersion = 10.0.40219.1
Project("{9A19103F-16F7-4668-BE54-9A1E7A4F7556}") = "SNetworkASPNet", "SNetworkASPNet.csproj", "{19BD39D7-765F-43B5-B55C-48CE63EB12F3}"
EndProject
Global
	GlobalSection(SolutionConfigurationPlatforms) = preSolution
		Debug|Any CPU = Debug|Any CPU
		Release|Any CPU = Release|Any CPU
	EndGlobalSection
	GlobalSection(ProjectConfigurationPlatforms) = postSolution
		{19BD39D7-765F-43B5-B55C-48CE63EB12F3}.Debug|Any CPU.ActiveCfg = Debug|Any CPU
		{19BD39D7-765F-43B5-B55C-48CE63EB12F3}.Debug|Any CPU.Build.0 = Debug|Any CPU
		{19BD39D7-765F-43B5-B55C-48CE63EB12F3}.Release|Any CPU.ActiveCfg = Release|Any CPU
		{19BD39D7-765F-43B5-B55C-48CE63EB12F3}.Release|Any CPU.Build.0 = Release|Any CPU
	EndGlobalSection
	GlobalSection(SolutionProperties) = preSolution
		HideSolutionNode = FALSE
	EndGlobalSection
	GlobalSection(ExtensibilityGlobals) = postSolution
		SolutionGuid = {6501AC25-60B6-4644-94A3-F7ED20B5DE1F}
	EndGlobalSection
EndGlobal
